
Microsoft Visual Studio Solution File, Format Version 12.00
# Visual Studio Version 16
VisualStudioVersion = 16.0.29519.87
MinimumVisualStudioVersion = 10.0.40219.1
Project("{FAE04EC0-301F-11D3-BF4B-00C04F79EFBC}") = "MusicStore", "MusicStore\MusicStore.csproj", "{97C97DE1-BFFE-44B7-957A-C15C5D0DDF5F}"
EndProject
Global
	GlobalSection(SolutionConfigurationPlatforms) = preSolution
		Debug|Any CPU = Debug|Any CPU
		Release|Any CPU = Release|Any CPU
	EndGlobalSection
	GlobalSection(ProjectConfigurationPlatforms) = postSolution
		{97C97DE1-BFFE-44B7-957A-C15C5D0DDF5F}.Debug|Any CPU.ActiveCfg = Debug|Any CPU
		{97C97DE1-BFFE-44B7-957A-C15C5D0DDF5F}.Debug|Any CPU.Build.0 = Debug|Any CPU
		{97C97DE1-BFFE-44B7-957A-C15C5D0DDF5F}.Release|Any CPU.ActiveCfg = Release|Any CPU
		{97C97DE1-BFFE-44B7-957A-C15C5D0DDF5F}.Release|Any CPU.Build.0 = Release|Any CPU
	EndGlobalSection
	GlobalSection(SolutionProperties) = preSolution
		HideSolutionNode = FALSE
	EndGlobalSection
	GlobalSection(ExtensibilityGlobals) = postSolution
		SolutionGuid = {E4895469-75EF-4680-9679-4E03CF9C931A}
	EndGlobalSection
EndGlobal
