
Microsoft Visual Studio Solution File, Format Version 12.00
# Visual Studio Version 16
VisualStudioVersion = 16.0.29519.87
MinimumVisualStudioVersion = 10.0.40219.1
Project("{FAE04EC0-301F-11D3-BF4B-00C04F79EFBC}") = "HelloFirstProjects", "HelloFirstProjects\HelloFirstProjects.csproj", "{CE8688C1-BB9F-4381-AAE9-FD43C789F2B8}"
EndProject
Global
	GlobalSection(SolutionConfigurationPlatforms) = preSolution
		Debug|Any CPU = Debug|Any CPU
		Release|Any CPU = Release|Any CPU
	EndGlobalSection
	GlobalSection(ProjectConfigurationPlatforms) = postSolution
		{CE8688C1-BB9F-4381-AAE9-FD43C789F2B8}.Debug|Any CPU.ActiveCfg = Debug|Any CPU
		{CE8688C1-BB9F-4381-AAE9-FD43C789F2B8}.Debug|Any CPU.Build.0 = Debug|Any CPU
		{CE8688C1-BB9F-4381-AAE9-FD43C789F2B8}.Release|Any CPU.ActiveCfg = Release|Any CPU
		{CE8688C1-BB9F-4381-AAE9-FD43C789F2B8}.Release|Any CPU.Build.0 = Release|Any CPU
	EndGlobalSection
	GlobalSection(SolutionProperties) = preSolution
		HideSolutionNode = FALSE
	EndGlobalSection
	GlobalSection(ExtensibilityGlobals) = postSolution
		SolutionGuid = {0AC923E9-427D-4E6A-85F8-BD7822CCB6E7}
	EndGlobalSection
EndGlobal
